# This file is automatically @generated by Cargo.
# It is not intended for manual editing.
[[package]]
name = "ha_lib"
version = "0.1.0"

[[package]]
name = "iot_io"
version = "0.1.0"

[[package]]
name = "packg"
version = "0.1.0"
dependencies = [
 "ha_lib 0.1.0",
 "iot_io 0.1.0",
 "student 0.1.0",
]

[[package]]
name = "student"
version = "0.1.0"

